
Microsoft Visual Studio Solution File, Format Version 12.00
# Visual Studio Version 17
VisualStudioVersion = 17.11.35327.3
MinimumVisualStudioVersion = 10.0.40219.1
Project("{FAE04EC0-301F-11D3-BF4B-00C04F79EFBC}") = "Todo3", "Todo3\Todo3.csproj", "{04C43A7A-5A54-4F49-A26F-2E83F018731B}"
EndProject
Global
	GlobalSection(SolutionConfigurationPlatforms) = preSolution
		Debug|Any CPU = Debug|Any CPU
		Release|Any CPU = Release|Any CPU
	EndGlobalSection
	GlobalSection(ProjectConfigurationPlatforms) = postSolution
		{04C43A7A-5A54-4F49-A26F-2E83F018731B}.Debug|Any CPU.ActiveCfg = Debug|Any CPU
		{04C43A7A-5A54-4F49-A26F-2E83F018731B}.Debug|Any CPU.Build.0 = Debug|Any CPU
		{04C43A7A-5A54-4F49-A26F-2E83F018731B}.Release|Any CPU.ActiveCfg = Release|Any CPU
		{04C43A7A-5A54-4F49-A26F-2E83F018731B}.Release|Any CPU.Build.0 = Release|Any CPU
	EndGlobalSection
	GlobalSection(SolutionProperties) = preSolution
		HideSolutionNode = FALSE
	EndGlobalSection
	GlobalSection(ExtensibilityGlobals) = postSolution
		SolutionGuid = {91022C14-60E2-4E14-AB8A-B0F724206935}
	EndGlobalSection
EndGlobal
